// !$*UTF8*$!
{
	archiveVersion = 1;
	classes = {
	};
	objectVersion = 46;
	objects = {

/* Begin PBXBuildFile section */
		AEB1979417D66D1200DE9BC9 /* Foundation.framework in Frameworks */ = {isa = PBXBuildFile; fileRef = AEB1979317D66D1200DE9BC9 /* Foundation.framework */; };
		AEB1979617D66D1200DE9BC9 /* CoreGraphics.framework in Frameworks */ = {isa = PBXBuildFile; fileRef = AEB1979517D66D1200DE9BC9 /* CoreGraphics.framework */; };
		AEB1979817D66D1200DE9BC9 /* UIKit.framework in Frameworks */ = {isa = PBXBuildFile; fileRef = AEB1979717D66D1200DE9BC9 /* UIKit.framework */; };
		AEB1979E17D66D1200DE9BC9 /* InfoPlist.strings in Resources */ = {isa = PBXBuildFile; fileRef = AEB1979C17D66D1200DE9BC9 /* InfoPlist.strings */; };
		AEB197A017D66D1200DE9BC9 /* main.m in Sources */ = {isa = PBXBuildFile; fileRef = AEB1979F17D66D1200DE9BC9 /* main.m */; };
		AEB197A417D66D1200DE9BC9 /* BTAppDelegate.m in Sources */ = {isa = PBXBuildFile; fileRef = AEB197A317D66D1200DE9BC9 /* BTAppDelegate.m */; };
		AEB197A617D66D1200DE9BC9 /* Images.xcassets in Resources */ = {isa = PBXBuildFile; fileRef = AEB197A517D66D1200DE9BC9 /* Images.xcassets */; };
		AEB197AD17D66D1200DE9BC9 /* XCTest.framework in Frameworks */ = {isa = PBXBuildFile; fileRef = AEB197AC17D66D1200DE9BC9 /* XCTest.framework */; };
		AEB197AE17D66D1200DE9BC9 /* Foundation.framework in Frameworks */ = {isa = PBXBuildFile; fileRef = AEB1979317D66D1200DE9BC9 /* Foundation.framework */; };
		AEB197AF17D66D1200DE9BC9 /* UIKit.framework in Frameworks */ = {isa = PBXBuildFile; fileRef = AEB1979717D66D1200DE9BC9 /* UIKit.framework */; };
		AEB197B717D66D1200DE9BC9 /* InfoPlist.strings in Resources */ = {isa = PBXBuildFile; fileRef = AEB197B517D66D1200DE9BC9 /* InfoPlist.strings */; };
		AEB197B917D66D1200DE9BC9 /* bot_testTests.m in Sources */ = {isa = PBXBuildFile; fileRef = AEB197B817D66D1200DE9BC9 /* bot_testTests.m */; };
/* End PBXBuildFile section */

/* Begin PBXContainerItemProxy section */
		AEB197B017D66D1200DE9BC9 /* PBXContainerItemProxy */ = {
			isa = PBXContainerItemProxy;
			containerPortal = AEB1978817D66D1200DE9BC9 /* Project object */;
			proxyType = 1;
			remoteGlobalIDString = AEB1978F17D66D1200DE9BC9;
			remoteInfo = "bot-test";
		};
/* End PBXContainerItemProxy section */

/* Begin PBXFileReference section */
		AEB1979017D66D1200DE9BC9 /* bot-test.app */ = {isa = PBXFileReference; explicitFileType = wrapper.application; includeInIndex = 0; path = "bot-test.app"; sourceTree = BUILT_PRODUCTS_DIR; };
		AEB1979317D66D1200DE9BC9 /* Foundation.framework */ = {isa = PBXFileReference; lastKnownFileType = wrapper.framework; name = Foundation.framework; path = System/Library/Frameworks/Foundation.framework; sourceTree = SDKROOT; };
		AEB1979517D66D1200DE9BC9 /* CoreGraphics.framework */ = {isa = PBXFileReference; lastKnownFileType = wrapper.framework; name = CoreGraphics.framework; path = System/Library/Frameworks/CoreGraphics.framework; sourceTree = SDKROOT; };
		AEB1979717D66D1200DE9BC9 /* UIKit.framework */ = {isa = PBXFileReference; lastKnownFileType = wrapper.framework; name = UIKit.framework; path = System/Library/Frameworks/UIKit.framework; sourceTree = SDKROOT; };
		AEB1979B17D66D1200DE9BC9 /* bot-test-Info.plist */ = {isa = PBXFileReference; lastKnownFileType = text.plist.xml; path = "bot-test-Info.plist"; sourceTree = "<group>"; };
		AEB1979D17D66D1200DE9BC9 /* en */ = {isa = PBXFileReference; lastKnownFileType = text.plist.strings; name = en; path = en.lproj/InfoPlist.strings; sourceTree = "<group>"; };
		AEB1979F17D66D1200DE9BC9 /* main.m */ = {isa = PBXFileReference; lastKnownFileType = sourcecode.c.objc; path = main.m; sourceTree = "<group>"; };
		AEB197A117D66D1200DE9BC9 /* bot-test-Prefix.pch */ = {isa = PBXFileReference; lastKnownFileType = sourcecode.c.h; path = "bot-test-Prefix.pch"; sourceTree = "<group>"; };
		AEB197A217D66D1200DE9BC9 /* BTAppDelegate.h */ = {isa = PBXFileReference; lastKnownFileType = sourcecode.c.h; path = BTAppDelegate.h; sourceTree = "<group>"; };
		AEB197A317D66D1200DE9BC9 /* BTAppDelegate.m */ = {isa = PBXFileReference; lastKnownFileType = sourcecode.c.objc; path = BTAppDelegate.m; sourceTree = "<group>"; };
		AEB197A517D66D1200DE9BC9 /* Images.xcassets */ = {isa = PBXFileReference; lastKnownFileType = folder.assetcatalog; path = Images.xcassets; sourceTree = "<group>"; };
		AEB197AB17D66D1200DE9BC9 /* bot-testTests.xctest */ = {isa = PBXFileReference; explicitFileType = wrapper.cfbundle; includeInIndex = 0; path = "bot-testTests.xctest"; sourceTree = BUILT_PRODUCTS_DIR; };
		AEB197AC17D66D1200DE9BC9 /* XCTest.framework */ = {isa = PBXFileReference; lastKnownFileType = wrapper.framework; name = XCTest.framework; path = Library/Frameworks/XCTest.framework; sourceTree = DEVELOPER_DIR; };
		AEB197B417D66D1200DE9BC9 /* bot-testTests-Info.plist */ = {isa = PBXFileReference; lastKnownFileType = text.plist.xml; path = "bot-testTests-Info.plist"; sourceTree = "<group>"; };
		AEB197B617D66D1200DE9BC9 /* en */ = {isa = PBXFileReference; lastKnownFileType = text.plist.strings; name = en; path = en.lproj/InfoPlist.strings; sourceTree = "<group>"; };
		AEB197B817D66D1200DE9BC9 /* bot_testTests.m */ = {isa = PBXFileReference; lastKnownFileType = sourcecode.c.objc; path = bot_testTests.m; sourceTree = "<group>"; };
/* End PBXFileReference section */

/* Begin PBXFrameworksBuildPhase section */
		AEB1978D17D66D1200DE9BC9 /* Frameworks */ = {
			isa = PBXFrameworksBuildPhase;
			buildActionMask = 2147483647;
			files = (
				AEB1979617D66D1200DE9BC9 /* CoreGraphics.framework in Frameworks */,
				AEB1979817D66D1200DE9BC9 /* UIKit.framework in Frameworks */,
				AEB1979417D66D1200DE9BC9 /* Foundation.framework in Frameworks */,
			);
			runOnlyForDeploymentPostprocessing = 0;
		};
		AEB197A817D66D1200DE9BC9 /* Frameworks */ = {
			isa = PBXFrameworksBuildPhase;
			buildActionMask = 2147483647;
			files = (
				AEB197AD17D66D1200DE9BC9 /* XCTest.framework in Frameworks */,
				AEB197AF17D66D1200DE9BC9 /* UIKit.framework in Frameworks */,
				AEB197AE17D66D1200DE9BC9 /* Foundation.framework in Frameworks */,
			);
			runOnlyForDeploymentPostprocessing = 0;
		};
/* End PBXFrameworksBuildPhase section */

/* Begin PBXGroup section */
		AEB1978717D66D1200DE9BC9 = {
			isa = PBXGroup;
			children = (
				AEB1979917D66D1200DE9BC9 /* bot-test */,
				AEB197B217D66D1200DE9BC9 /* bot-testTests */,
				AEB1979217D66D1200DE9BC9 /* Frameworks */,
				AEB1979117D66D1200DE9BC9 /* Products */,
			);
			sourceTree = "<group>";
		};
		AEB1979117D66D1200DE9BC9 /* Products */ = {
			isa = PBXGroup;
			children = (
				AEB1979017D66D1200DE9BC9 /* bot-test.app */,
				AEB197AB17D66D1200DE9BC9 /* bot-testTests.xctest */,
			);
			name = Products;
			sourceTree = "<group>";
		};
		AEB1979217D66D1200DE9BC9 /* Frameworks */ = {
			isa = PBXGroup;
			children = (
				AEB1979317D66D1200DE9BC9 /* Foundation.framework */,
				AEB1979517D66D1200DE9BC9 /* CoreGraphics.framework */,
				AEB1979717D66D1200DE9BC9 /* UIKit.framework */,
				AEB197AC17D66D1200DE9BC9 /* XCTest.framework */,
			);
			name = Frameworks;
			sourceTree = "<group>";
		};
		AEB1979917D66D1200DE9BC9 /* bot-test */ = {
			isa = PBXGroup;
			children = (
				AEB197A217D66D1200DE9BC9 /* BTAppDelegate.h */,
				AEB197A317D66D1200DE9BC9 /* BTAppDelegate.m */,
				AEB197A517D66D1200DE9BC9 /* Images.xcassets */,
				AEB1979A17D66D1200DE9BC9 /* Supporting Files */,
			);
			path = "bot-test";
			sourceTree = "<group>";
		};
		AEB1979A17D66D1200DE9BC9 /* Supporting Files */ = {
			isa = PBXGroup;
			children = (
				AEB1979B17D66D1200DE9BC9 /* bot-test-Info.plist */,
				AEB1979C17D66D1200DE9BC9 /* InfoPlist.strings */,
				AEB1979F17D66D1200DE9BC9 /* main.m */,
				AEB197A117D66D1200DE9BC9 /* bot-test-Prefix.pch */,
			);
			name = "Supporting Files";
			sourceTree = "<group>";
		};
		AEB197B217D66D1200DE9BC9 /* bot-testTests */ = {
			isa = PBXGroup;
			children = (
				AEB197B817D66D1200DE9BC9 /* bot_testTests.m */,
				AEB197B317D66D1200DE9BC9 /* Supporting Files */,
			);
			path = "bot-testTests";
			sourceTree = "<group>";
		};
		AEB197B317D66D1200DE9BC9 /* Supporting Files */ = {
			isa = PBXGroup;
			children = (
				AEB197B417D66D1200DE9BC9 /* bot-testTests-Info.plist */,
				AEB197B517D66D1200DE9BC9 /* InfoPlist.strings */,
			);
			name = "Supporting Files";
			sourceTree = "<group>";
		};
/* End PBXGroup section */

/* Begin PBXNativeTarget section */
		AEB1978F17D66D1200DE9BC9 /* bot-test */ = {
			isa = PBXNativeTarget;
			buildConfigurationList = AEB197BC17D66D1200DE9BC9 /* Build configuration list for PBXNativeTarget "bot-test" */;
			buildPhases = (
				AEB1978C17D66D1200DE9BC9 /* Sources */,
				AEB1978D17D66D1200DE9BC9 /* Frameworks */,
				AEB1978E17D66D1200DE9BC9 /* Resources */,
			);
			buildRules = (
			);
			dependencies = (
			);
			name = "bot-test";
			productName = "bot-test";
			productReference = AEB1979017D66D1200DE9BC9 /* bot-test.app */;
			productType = "com.apple.product-type.application";
		};
		AEB197AA17D66D1200DE9BC9 /* bot-testTests */ = {
			isa = PBXNativeTarget;
			buildConfigurationList = AEB197BF17D66D1200DE9BC9 /* Build configuration list for PBXNativeTarget "bot-testTests" */;
			buildPhases = (
				AEB197A717D66D1200DE9BC9 /* Sources */,
				AEB197A817D66D1200DE9BC9 /* Frameworks */,
				AEB197A917D66D1200DE9BC9 /* Resources */,
			);
			buildRules = (
			);
			dependencies = (
				AEB197B117D66D1200DE9BC9 /* PBXTargetDependency */,
			);
			name = "bot-testTests";
			productName = "bot-testTests";
			productReference = AEB197AB17D66D1200DE9BC9 /* bot-testTests.xctest */;
			productType = "com.apple.product-type.bundle.unit-test";
		};
/* End PBXNativeTarget section */

/* Begin PBXProject section */
		AEB1978817D66D1200DE9BC9 /* Project object */ = {
			isa = PBXProject;
			attributes = {
				CLASSPREFIX = BT;
				LastUpgradeCheck = 0500;
				ORGANIZATIONNAME = "Pivotal Labs";
				TargetAttributes = {
					AEB197AA17D66D1200DE9BC9 = {
						TestTargetID = AEB1978F17D66D1200DE9BC9;
					};
				};
			};
			buildConfigurationList = AEB1978B17D66D1200DE9BC9 /* Build configuration list for PBXProject "bot-test" */;
			compatibilityVersion = "Xcode 3.2";
			developmentRegion = English;
			hasScannedForEncodings = 0;
			knownRegions = (
				en,
			);
			mainGroup = AEB1978717D66D1200DE9BC9;
			productRefGroup = AEB1979117D66D1200DE9BC9 /* Products */;
			projectDirPath = "";
			projectRoot = "";
			targets = (
				AEB1978F17D66D1200DE9BC9 /* bot-test */,
				AEB197AA17D66D1200DE9BC9 /* bot-testTests */,
			);
		};
/* End PBXProject section */

/* Begin PBXResourcesBuildPhase section */
		AEB1978E17D66D1200DE9BC9 /* Resources */ = {
			isa = PBXResourcesBuildPhase;
			buildActionMask = 2147483647;
			files = (
				AEB1979E17D66D1200DE9BC9 /* InfoPlist.strings in Resources */,
				AEB197A617D66D1200DE9BC9 /* Images.xcassets in Resources */,
			);
			runOnlyForDeploymentPostprocessing = 0;
		};
		AEB197A917D66D1200DE9BC9 /* Resources */ = {
			isa = PBXResourcesBuildPhase;
			buildActionMask = 2147483647;
			files = (
				AEB197B717D66D1200DE9BC9 /* InfoPlist.strings in Resources */,
			);
			runOnlyForDeploymentPostprocessing = 0;
		};
/* End PBXResourcesBuildPhase section */

/* Begin PBXSourcesBuildPhase section */
		AEB1978C17D66D1200DE9BC9 /* Sources */ = {
			isa = PBXSourcesBuildPhase;
			buildActionMask = 2147483647;
			files = (
				AEB197A417D66D1200DE9BC9 /* BTAppDelegate.m in Sources */,
				AEB197A017D66D1200DE9BC9 /* main.m in Sources */,
			);
			runOnlyForDeploymentPostprocessing = 0;
		};
		AEB197A717D66D1200DE9BC9 /* Sources */ = {
			isa = PBXSourcesBuildPhase;
			buildActionMask = 2147483647;
			files = (
				AEB197B917D66D1200DE9BC9 /* bot_testTests.m in Sources */,
			);
			runOnlyForDeploymentPostprocessing = 0;
		};
/* End PBXSourcesBuildPhase section */

/* Begin PBXTargetDependency section */
		AEB197B117D66D1200DE9BC9 /* PBXTargetDependency */ = {
			isa = PBXTargetDependency;
			target = AEB1978F17D66D1200DE9BC9 /* bot-test */;
			targetProxy = AEB197B017D66D1200DE9BC9 /* PBXContainerItemProxy */;
		};
/* End PBXTargetDependency section */

/* Begin PBXVariantGroup section */
		AEB1979C17D66D1200DE9BC9 /* InfoPlist.strings */ = {
			isa = PBXVariantGroup;
			children = (
				AEB1979D17D66D1200DE9BC9 /* en */,
			);
			name = InfoPlist.strings;
			sourceTree = "<group>";
		};
		AEB197B517D66D1200DE9BC9 /* InfoPlist.strings */ = {
			isa = PBXVariantGroup;
			children = (
				AEB197B617D66D1200DE9BC9 /* en */,
			);
			name = InfoPlist.strings;
			sourceTree = "<group>";
		};
/* End PBXVariantGroup section */

/* Begin XCBuildConfiguration section */
		AEB197BA17D66D1200DE9BC9 /* Debug */ = {
			isa = XCBuildConfiguration;
			buildSettings = {
				ALWAYS_SEARCH_USER_PATHS = NO;
				CLANG_CXX_LANGUAGE_STANDARD = "gnu++0x";
				CLANG_CXX_LIBRARY = "libc++";
				CLANG_ENABLE_MODULES = YES;
				CLANG_ENABLE_OBJC_ARC = YES;
				CLANG_WARN_BOOL_CONVERSION = YES;
				CLANG_WARN_CONSTANT_CONVERSION = YES;
				CLANG_WARN_DIRECT_OBJC_ISA_USAGE = YES_ERROR;
				CLANG_WARN_EMPTY_BODY = YES;
				CLANG_WARN_ENUM_CONVERSION = YES;
				CLANG_WARN_INT_CONVERSION = YES;
				CLANG_WARN_OBJC_ROOT_CLASS = YES_ERROR;
				CLANG_WARN__DUPLICATE_METHOD_MATCH = YES;
				"CODE_SIGN_IDENTITY[sdk=iphoneos*]" = "iPhone Developer";
				COPY_PHASE_STRIP = NO;
				GCC_C_LANGUAGE_STANDARD = gnu99;
				GCC_DYNAMIC_NO_PIC = NO;
				GCC_OPTIMIZATION_LEVEL = 0;
				GCC_PREPROCESSOR_DEFINITIONS = (
					"DEBUG=1",
					"$(inherited)",
				);
				GCC_SYMBOLS_PRIVATE_EXTERN = NO;
				GCC_WARN_ABOUT_RETURN_TYPE = YES_ERROR;
				GCC_WARN_UNDECLARED_SELECTOR = YES;
				GCC_WARN_UNINITIALIZED_AUTOS = YES;
				GCC_WARN_UNUSED_FUNCTION = YES;
				GCC_WARN_UNUSED_VARIABLE = YES;
				IPHONEOS_DEPLOYMENT_TARGET = 7.0;
				ONLY_ACTIVE_ARCH = YES;
				SDKROOT = iphoneos;
			};
			name = Debug;
		};
		AEB197BB17D66D1200DE9BC9 /* Release */ = {
			isa = XCBuildConfiguration;
			buildSettings = {
				ALWAYS_SEARCH_USER_PATHS = NO;
				CLANG_CXX_LANGUAGE_STANDARD = "gnu++0x";
				CLANG_CXX_LIBRARY = "libc++";
				CLANG_ENABLE_MODULES = YES;
				CLANG_ENABLE_OBJC_ARC = YES;
				CLANG_WARN_BOOL_CONVERSION = YES;
				CLANG_WARN_CONSTANT_CONVERSION = YES;
				CLANG_WARN_DIRECT_OBJC_ISA_USAGE = YES_ERROR;
				CLANG_WARN_EMPTY_BODY = YES;
				CLANG_WARN_ENUM_CONVERSION = YES;
				CLANG_WARN_INT_CONVERSION = YES;
				CLANG_WARN_OBJC_ROOT_CLASS = YES_ERROR;
				CLANG_WARN__DUPLICATE_METHOD_MATCH = YES;
				"CODE_SIGN_IDENTITY[sdk=iphoneos*]" = "iPhone Developer";
				COPY_PHASE_STRIP = YES;
				ENABLE_NS_ASSERTIONS = NO;
				GCC_C_LANGUAGE_STANDARD = gnu99;
				GCC_WARN_ABOUT_RETURN_TYPE = YES_ERROR;
				GCC_WARN_UNDECLARED_SELECTOR = YES;
				GCC_WARN_UNINITIALIZED_AUTOS = YES;
				GCC_WARN_UNUSED_FUNCTION = YES;
				GCC_WARN_UNUSED_VARIABLE = YES;
				IPHONEOS_DEPLOYMENT_TARGET = 7.0;
				SDKROOT = iphoneos;
				VALIDATE_PRODUCT = YES;
			};
			name = Release;
		};
		AEB197BD17D66D1200DE9BC9 /* Debug */ = {
			isa = XCBuildConfiguration;
			buildSettings = {
				ASSETCATALOG_COMPILER_APPICON_NAME = AppIcon;
				ASSETCATALOG_COMPILER_LAUNCHIMAGE_NAME = LaunchImage;
				GCC_PRECOMPILE_PREFIX_HEADER = YES;
				GCC_PREFIX_HEADER = "bot-test/bot-test-Prefix.pch";
				INFOPLIST_FILE = "bot-test/bot-test-Info.plist";
				PRODUCT_NAME = "$(TARGET_NAME)";
				WRAPPER_EXTENSION = app;
			};
			name = Debug;
		};
		AEB197BE17D66D1200DE9BC9 /* Release */ = {
			isa = XCBuildConfiguration;
			buildSettings = {
				ASSETCATALOG_COMPILER_APPICON_NAME = AppIcon;
				ASSETCATALOG_COMPILER_LAUNCHIMAGE_NAME = LaunchImage;
				GCC_PRECOMPILE_PREFIX_HEADER = YES;
				GCC_PREFIX_HEADER = "bot-test/bot-test-Prefix.pch";
				INFOPLIST_FILE = "bot-test/bot-test-Info.plist";
				PRODUCT_NAME = "$(TARGET_NAME)";
				WRAPPER_EXTENSION = app;
			};
			name = Release;
		};
		AEB197C017D66D1200DE9BC9 /* Debug */ = {
			isa = XCBuildConfiguration;
			buildSettings = {
				BUNDLE_LOADER = "$(BUILT_PRODUCTS_DIR)/bot-test.app/bot-test";
				FRAMEWORK_SEARCH_PATHS = (
					"$(SDKROOT)/Developer/Library/Frameworks",
					"$(inherited)",
					"$(DEVELOPER_FRAMEWORKS_DIR)",
				);
				GCC_PRECOMPILE_PREFIX_HEADER = YES;
				GCC_PREFIX_HEADER = "bot-test/bot-test-Prefix.pch";
				GCC_PREPROCESSOR_DEFINITIONS = (
					"DEBUG=1",
					"$(inherited)",
				);
				INFOPLIST_FILE = "bot-testTests/bot-testTests-Info.plist";
				PRODUCT_NAME = "$(TARGET_NAME)";
				TEST_HOST = "$(BUNDLE_LOADER)";
				WRAPPER_EXTENSION = xctest;
			};
			name = Debug;
		};
		AEB197C117D66D1200DE9BC9 /* Release */ = {
			isa = XCBuildConfiguration;
			buildSettings = {
				BUNDLE_LOADER = "$(BUILT_PRODUCTS_DIR)/bot-test.app/bot-test";
				FRAMEWORK_SEARCH_PATHS = (
					"$(SDKROOT)/Developer/Library/Frameworks",
					"$(inherited)",
					"$(DEVELOPER_FRAMEWORKS_DIR)",
				);
				GCC_PRECOMPILE_PREFIX_HEADER = YES;
				GCC_PREFIX_HEADER = "bot-test/bot-test-Prefix.pch";
				INFOPLIST_FILE = "bot-testTests/bot-testTests-Info.plist";
				PRODUCT_NAME = "$(TARGET_NAME)";
				TEST_HOST = "$(BUNDLE_LOADER)";
				WRAPPER_EXTENSION = xctest;
			};
			name = Release;
		};
/* End XCBuildConfiguration section */

/* Begin XCConfigurationList section */
		AEB1978B17D66D1200DE9BC9 /* Build configuration list for PBXProject "bot-test" */ = {
			isa = XCConfigurationList;
			buildConfigurations = (
				AEB197BA17D66D1200DE9BC9 /* Debug */,
				AEB197BB17D66D1200DE9BC9 /* Release */,
			);
			defaultConfigurationIsVisible = 0;
			defaultConfigurationName = Release;
		};
		AEB197BC17D66D1200DE9BC9 /* Build configuration list for PBXNativeTarget "bot-test" */ = {
			isa = XCConfigurationList;
			buildConfigurations = (
				AEB197BD17D66D1200DE9BC9 /* Debug */,
				AEB197BE17D66D1200DE9BC9 /* Release */,
			);
			defaultConfigurationIsVisible = 0;
		};
		AEB197BF17D66D1200DE9BC9 /* Build configuration list for PBXNativeTarget "bot-testTests" */ = {
			isa = XCConfigurationList;
			buildConfigurations = (
				AEB197C017D66D1200DE9BC9 /* Debug */,
				AEB197C117D66D1200DE9BC9 /* Release */,
			);
			defaultConfigurationIsVisible = 0;
		};
/* End XCConfigurationList section */
	};
	rootObject = AEB1978817D66D1200DE9BC9 /* Project object */;
}
